
Microsoft Visual Studio Solution File, Format Version 12.00
# Visual Studio Version 17
VisualStudioVersion = 17.3.32804.467
MinimumVisualStudioVersion = 10.0.40219.1
Project("{FAE04EC0-301F-11D3-BF4B-00C04F79EFBC}") = "ExtendedFileInfo", "ExtendFileInfo\ExtendedFileInfo.csproj", "{01DCA7B9-DF04-43FA-88FC-EF717CD2B4C9}"
EndProject
Global
	GlobalSection(SolutionConfigurationPlatforms) = preSolution
		Debug|Any CPU = Debug|Any CPU
		Release|Any CPU = Release|Any CPU
	EndGlobalSection
	GlobalSection(ProjectConfigurationPlatforms) = postSolution
		{01DCA7B9-DF04-43FA-88FC-EF717CD2B4C9}.Debug|Any CPU.ActiveCfg = Debug|Any CPU
		{01DCA7B9-DF04-43FA-88FC-EF717CD2B4C9}.Debug|Any CPU.Build.0 = Debug|Any CPU
		{01DCA7B9-DF04-43FA-88FC-EF717CD2B4C9}.Release|Any CPU.ActiveCfg = Release|Any CPU
		{01DCA7B9-DF04-43FA-88FC-EF717CD2B4C9}.Release|Any CPU.Build.0 = Release|Any CPU
	EndGlobalSection
	GlobalSection(SolutionProperties) = preSolution
		HideSolutionNode = FALSE
	EndGlobalSection
	GlobalSection(ExtensibilityGlobals) = postSolution
		SolutionGuid = {010AF18F-EB08-4630-8F14-4E5C56E6D3D9}
	EndGlobalSection
EndGlobal
